// !$*UTF8*$!
{
	archiveVersion = 1;
	classes = {
	};
	objectVersion = 56;
	objects = {

/* Begin PBXBuildFile section */
		300CB731292F47AA00ECBAFF /* LoginVCSUI.swift in Sources */ = {isa = PBXBuildFile; fileRef = 300CB730292F47AA00ECBAFF /* LoginVCSUI.swift */; };
		300CB7332931FEF400ECBAFF /* UserProfileVCSUI.swift in Sources */ = {isa = PBXBuildFile; fileRef = 300CB7322931FEF400ECBAFF /* UserProfileVCSUI.swift */; };
		3044C3932939D60800C69BFD /* HomeVCSUI.swift in Sources */ = {isa = PBXBuildFile; fileRef = 3044C3922939D60800C69BFD /* HomeVCSUI.swift */; };
		3044C3962939FF9700C69BFD /* ActivityIndicator.swift in Sources */ = {isa = PBXBuildFile; fileRef = 3044C3952939FF9700C69BFD /* ActivityIndicator.swift */; };
		3044C3982939FFEA00C69BFD /* BackgroundImage.swift in Sources */ = {isa = PBXBuildFile; fileRef = 3044C3972939FFE900C69BFD /* BackgroundImage.swift */; };
		3044C39A293A001700C69BFD /* ErrorInfo.swift in Sources */ = {isa = PBXBuildFile; fileRef = 3044C399293A001700C69BFD /* ErrorInfo.swift */; };
		306F1EB528F3EF9300B9A7B3 /* CompanyCollectionViewCell.swift in Sources */ = {isa = PBXBuildFile; fileRef = 306F1EB428F3EF9300B9A7B3 /* CompanyCollectionViewCell.swift */; };
		306F1EB828F3F7D000B9A7B3 /* UIFont.swift in Sources */ = {isa = PBXBuildFile; fileRef = 306F1EB728F3F7D000B9A7B3 /* UIFont.swift */; };
		306F1EBA28F3FAA600B9A7B3 /* UIImageView.swift in Sources */ = {isa = PBXBuildFile; fileRef = 306F1EB928F3FAA600B9A7B3 /* UIImageView.swift */; };
		306F1EBC28F41D9400B9A7B3 /* Date.swift in Sources */ = {isa = PBXBuildFile; fileRef = 306F1EBB28F41D9400B9A7B3 /* Date.swift */; };
		306F1EBE28F41F5600B9A7B3 /* UICollectionViewCell.swift in Sources */ = {isa = PBXBuildFile; fileRef = 306F1EBD28F41F5600B9A7B3 /* UICollectionViewCell.swift */; };
		306F1EC028F4212700B9A7B3 /* BaseProtocol.swift in Sources */ = {isa = PBXBuildFile; fileRef = 306F1EBF28F4212700B9A7B3 /* BaseProtocol.swift */; };
		306F1EC328F421C100B9A7B3 /* Session.swift in Sources */ = {isa = PBXBuildFile; fileRef = 306F1EC228F421C100B9A7B3 /* Session.swift */; };
		306F1EC528F421DD00B9A7B3 /* UserData.swift in Sources */ = {isa = PBXBuildFile; fileRef = 306F1EC428F421DD00B9A7B3 /* UserData.swift */; };
		306F1EC828F4223000B9A7B3 /* SessionData.swift in Sources */ = {isa = PBXBuildFile; fileRef = 306F1EC728F4223000B9A7B3 /* SessionData.swift */; };
		306F1ECA28F4224200B9A7B3 /* LoginData.swift in Sources */ = {isa = PBXBuildFile; fileRef = 306F1EC928F4224200B9A7B3 /* LoginData.swift */; };
		306F1ECD28F426EB00B9A7B3 /* UICollectionView.swift in Sources */ = {isa = PBXBuildFile; fileRef = 306F1ECC28F426EB00B9A7B3 /* UICollectionView.swift */; };
		306F1ECF28F4271900B9A7B3 /* DequeableCell.swift in Sources */ = {isa = PBXBuildFile; fileRef = 306F1ECE28F4271900B9A7B3 /* DequeableCell.swift */; };
		306F1ED228F4278C00B9A7B3 /* Collection.swift in Sources */ = {isa = PBXBuildFile; fileRef = 306F1ED128F4278C00B9A7B3 /* Collection.swift */; };
		306F1ED928F4303800B9A7B3 /* ErrorData.swift in Sources */ = {isa = PBXBuildFile; fileRef = 306F1ED828F4303800B9A7B3 /* ErrorData.swift */; };
		306F1EDB28F4305000B9A7B3 /* Movies.swift in Sources */ = {isa = PBXBuildFile; fileRef = 306F1EDA28F4305000B9A7B3 /* Movies.swift */; };
		306F1EDD28F4306400B9A7B3 /* Movie.swift in Sources */ = {isa = PBXBuildFile; fileRef = 306F1EDC28F4306400B9A7B3 /* Movie.swift */; };
		306F1EDF28F4307E00B9A7B3 /* Company.swift in Sources */ = {isa = PBXBuildFile; fileRef = 306F1EDE28F4307D00B9A7B3 /* Company.swift */; };
		3095F0DC28EFFB4F0027C2E3 /* AppDelegate.swift in Sources */ = {isa = PBXBuildFile; fileRef = 3095F0DB28EFFB4F0027C2E3 /* AppDelegate.swift */; };
		3095F0DE28EFFB4F0027C2E3 /* SceneDelegate.swift in Sources */ = {isa = PBXBuildFile; fileRef = 3095F0DD28EFFB4F0027C2E3 /* SceneDelegate.swift */; };
		3095F0E328EFFB4F0027C2E3 /* Main.storyboard in Resources */ = {isa = PBXBuildFile; fileRef = 3095F0E128EFFB4F0027C2E3 /* Main.storyboard */; };
		3095F0E528EFFB500027C2E3 /* Assets.xcassets in Resources */ = {isa = PBXBuildFile; fileRef = 3095F0E428EFFB500027C2E3 /* Assets.xcassets */; };
		3095F0E828EFFB500027C2E3 /* LaunchScreen.storyboard in Resources */ = {isa = PBXBuildFile; fileRef = 3095F0E628EFFB500027C2E3 /* LaunchScreen.storyboard */; };
		3095F0F028EFFE6E0027C2E3 /* LoginVC.swift in Sources */ = {isa = PBXBuildFile; fileRef = 3095F0EF28EFFE6E0027C2E3 /* LoginVC.swift */; };
		3095F0F228F00BEE0027C2E3 /* LoginVM.swift in Sources */ = {isa = PBXBuildFile; fileRef = 3095F0F128F00BEE0027C2E3 /* LoginVM.swift */; };
		3095F0FA28F021E20027C2E3 /* LoginService.swift in Sources */ = {isa = PBXBuildFile; fileRef = 3095F0F928F021E20027C2E3 /* LoginService.swift */; };
		3095F0FE28F03EDE0027C2E3 /* DynamicScreenVC.swift in Sources */ = {isa = PBXBuildFile; fileRef = 3095F0FD28F03EDE0027C2E3 /* DynamicScreenVC.swift */; };
		3095F10028F03F370027C2E3 /* DyamicScreenVM.swift in Sources */ = {isa = PBXBuildFile; fileRef = 3095F0FF28F03F370027C2E3 /* DyamicScreenVM.swift */; };
		3095F10228F0473A0027C2E3 /* MovieCollectionViewCell.swift in Sources */ = {isa = PBXBuildFile; fileRef = 3095F10128F0473A0027C2E3 /* MovieCollectionViewCell.swift */; };
		3095F10428F04C7B0027C2E3 /* Coordinator.swift in Sources */ = {isa = PBXBuildFile; fileRef = 3095F10328F04C7B0027C2E3 /* Coordinator.swift */; };
		3095F10628F04EA60027C2E3 /* MoviesService.swift in Sources */ = {isa = PBXBuildFile; fileRef = 3095F10528F04EA60027C2E3 /* MoviesService.swift */; };
		3095F10828F174BD0027C2E3 /* HomeVC.swift in Sources */ = {isa = PBXBuildFile; fileRef = 3095F10728F174BD0027C2E3 /* HomeVC.swift */; };
		3095F10A28F1EDC80027C2E3 /* MovieDetailVC.swift in Sources */ = {isa = PBXBuildFile; fileRef = 3095F10928F1EDC80027C2E3 /* MovieDetailVC.swift */; };
		3095F10D28F1EE1E0027C2E3 /* MovieDetailVM.swift in Sources */ = {isa = PBXBuildFile; fileRef = 3095F10C28F1EE1E0027C2E3 /* MovieDetailVM.swift */; };
		3095F11028F202B10027C2E3 /* UserProfileVC.swift in Sources */ = {isa = PBXBuildFile; fileRef = 3095F10F28F202B10027C2E3 /* UserProfileVC.swift */; };
		3095F11228F203B60027C2E3 /* UserProfileVM.swift in Sources */ = {isa = PBXBuildFile; fileRef = 3095F11128F203B60027C2E3 /* UserProfileVM.swift */; };
		5E5D3F342941D26800019A87 /* CoreComponents in Frameworks */ = {isa = PBXBuildFile; productRef = 5E5D3F332941D26800019A87 /* CoreComponents */; };
		5E5D3F362941D7C300019A87 /* Constants.swift in Sources */ = {isa = PBXBuildFile; fileRef = 5E5D3F352941D7C300019A87 /* Constants.swift */; };
		E5261540121EC86A56AD5423 /* Pods_TheMovieTest.framework in Frameworks */ = {isa = PBXBuildFile; fileRef = F68D1426F00B767C2596B5FE /* Pods_TheMovieTest.framework */; };
/* End PBXBuildFile section */

/* Begin PBXFileReference section */
		300CB730292F47AA00ECBAFF /* LoginVCSUI.swift */ = {isa = PBXFileReference; lastKnownFileType = sourcecode.swift; path = LoginVCSUI.swift; sourceTree = "<group>"; };
		300CB7322931FEF400ECBAFF /* UserProfileVCSUI.swift */ = {isa = PBXFileReference; lastKnownFileType = sourcecode.swift; path = UserProfileVCSUI.swift; sourceTree = "<group>"; };
		3044C3922939D60800C69BFD /* HomeVCSUI.swift */ = {isa = PBXFileReference; lastKnownFileType = sourcecode.swift; path = HomeVCSUI.swift; sourceTree = "<group>"; };
		3044C3952939FF9700C69BFD /* ActivityIndicator.swift */ = {isa = PBXFileReference; lastKnownFileType = sourcecode.swift; path = ActivityIndicator.swift; sourceTree = "<group>"; };
		3044C3972939FFE900C69BFD /* BackgroundImage.swift */ = {isa = PBXFileReference; lastKnownFileType = sourcecode.swift; path = BackgroundImage.swift; sourceTree = "<group>"; };
		3044C399293A001700C69BFD /* ErrorInfo.swift */ = {isa = PBXFileReference; lastKnownFileType = sourcecode.swift; path = ErrorInfo.swift; sourceTree = "<group>"; };
		306F1EB428F3EF9300B9A7B3 /* CompanyCollectionViewCell.swift */ = {isa = PBXFileReference; lastKnownFileType = sourcecode.swift; path = CompanyCollectionViewCell.swift; sourceTree = "<group>"; };
		306F1EB728F3F7D000B9A7B3 /* UIFont.swift */ = {isa = PBXFileReference; lastKnownFileType = sourcecode.swift; path = UIFont.swift; sourceTree = "<group>"; };
		306F1EB928F3FAA600B9A7B3 /* UIImageView.swift */ = {isa = PBXFileReference; lastKnownFileType = sourcecode.swift; path = UIImageView.swift; sourceTree = "<group>"; };
		306F1EBB28F41D9400B9A7B3 /* Date.swift */ = {isa = PBXFileReference; lastKnownFileType = sourcecode.swift; path = Date.swift; sourceTree = "<group>"; };
		306F1EBD28F41F5600B9A7B3 /* UICollectionViewCell.swift */ = {isa = PBXFileReference; lastKnownFileType = sourcecode.swift; path = UICollectionViewCell.swift; sourceTree = "<group>"; };
		306F1EBF28F4212700B9A7B3 /* BaseProtocol.swift */ = {isa = PBXFileReference; lastKnownFileType = sourcecode.swift; path = BaseProtocol.swift; sourceTree = "<group>"; };
		306F1EC228F421C100B9A7B3 /* Session.swift */ = {isa = PBXFileReference; lastKnownFileType = sourcecode.swift; path = Session.swift; sourceTree = "<group>"; };
		306F1EC428F421DD00B9A7B3 /* UserData.swift */ = {isa = PBXFileReference; lastKnownFileType = sourcecode.swift; path = UserData.swift; sourceTree = "<group>"; };
		306F1EC728F4223000B9A7B3 /* SessionData.swift */ = {isa = PBXFileReference; lastKnownFileType = sourcecode.swift; path = SessionData.swift; sourceTree = "<group>"; };
		306F1EC928F4224200B9A7B3 /* LoginData.swift */ = {isa = PBXFileReference; lastKnownFileType = sourcecode.swift; path = LoginData.swift; sourceTree = "<group>"; };
		306F1ECC28F426EB00B9A7B3 /* UICollectionView.swift */ = {isa = PBXFileReference; lastKnownFileType = sourcecode.swift; path = UICollectionView.swift; sourceTree = "<group>"; };
		306F1ECE28F4271900B9A7B3 /* DequeableCell.swift */ = {isa = PBXFileReference; lastKnownFileType = sourcecode.swift; path = DequeableCell.swift; sourceTree = "<group>"; };
		306F1ED128F4278C00B9A7B3 /* Collection.swift */ = {isa = PBXFileReference; lastKnownFileType = sourcecode.swift; path = Collection.swift; sourceTree = "<group>"; };
		306F1ED828F4303800B9A7B3 /* ErrorData.swift */ = {isa = PBXFileReference; lastKnownFileType = sourcecode.swift; path = ErrorData.swift; sourceTree = "<group>"; };
		306F1EDA28F4305000B9A7B3 /* Movies.swift */ = {isa = PBXFileReference; lastKnownFileType = sourcecode.swift; path = Movies.swift; sourceTree = "<group>"; };
		306F1EDC28F4306400B9A7B3 /* Movie.swift */ = {isa = PBXFileReference; lastKnownFileType = sourcecode.swift; path = Movie.swift; sourceTree = "<group>"; };
		306F1EDE28F4307D00B9A7B3 /* Company.swift */ = {isa = PBXFileReference; lastKnownFileType = sourcecode.swift; path = Company.swift; sourceTree = "<group>"; };
		3095F0D828EFFB4F0027C2E3 /* TheMovieTest.app */ = {isa = PBXFileReference; explicitFileType = wrapper.application; includeInIndex = 0; path = TheMovieTest.app; sourceTree = BUILT_PRODUCTS_DIR; };
		3095F0DB28EFFB4F0027C2E3 /* AppDelegate.swift */ = {isa = PBXFileReference; lastKnownFileType = sourcecode.swift; path = AppDelegate.swift; sourceTree = "<group>"; };
		3095F0DD28EFFB4F0027C2E3 /* SceneDelegate.swift */ = {isa = PBXFileReference; lastKnownFileType = sourcecode.swift; path = SceneDelegate.swift; sourceTree = "<group>"; };
		3095F0E228EFFB4F0027C2E3 /* Base */ = {isa = PBXFileReference; lastKnownFileType = file.storyboard; name = Base; path = Base.lproj/Main.storyboard; sourceTree = "<group>"; };
		3095F0E428EFFB500027C2E3 /* Assets.xcassets */ = {isa = PBXFileReference; lastKnownFileType = folder.assetcatalog; path = Assets.xcassets; sourceTree = "<group>"; };
		3095F0E728EFFB500027C2E3 /* Base */ = {isa = PBXFileReference; lastKnownFileType = file.storyboard; name = Base; path = Base.lproj/LaunchScreen.storyboard; sourceTree = "<group>"; };
		3095F0E928EFFB500027C2E3 /* Info.plist */ = {isa = PBXFileReference; lastKnownFileType = text.plist.xml; path = Info.plist; sourceTree = "<group>"; };
		3095F0EF28EFFE6E0027C2E3 /* LoginVC.swift */ = {isa = PBXFileReference; lastKnownFileType = sourcecode.swift; path = LoginVC.swift; sourceTree = "<group>"; };
		3095F0F128F00BEE0027C2E3 /* LoginVM.swift */ = {isa = PBXFileReference; lastKnownFileType = sourcecode.swift; path = LoginVM.swift; sourceTree = "<group>"; };
		3095F0F928F021E20027C2E3 /* LoginService.swift */ = {isa = PBXFileReference; lastKnownFileType = sourcecode.swift; path = LoginService.swift; sourceTree = "<group>"; };
		3095F0FD28F03EDE0027C2E3 /* DynamicScreenVC.swift */ = {isa = PBXFileReference; lastKnownFileType = sourcecode.swift; path = DynamicScreenVC.swift; sourceTree = "<group>"; };
		3095F0FF28F03F370027C2E3 /* DyamicScreenVM.swift */ = {isa = PBXFileReference; lastKnownFileType = sourcecode.swift; path = DyamicScreenVM.swift; sourceTree = "<group>"; };
		3095F10128F0473A0027C2E3 /* MovieCollectionViewCell.swift */ = {isa = PBXFileReference; lastKnownFileType = sourcecode.swift; path = MovieCollectionViewCell.swift; sourceTree = "<group>"; };
		3095F10328F04C7B0027C2E3 /* Coordinator.swift */ = {isa = PBXFileReference; lastKnownFileType = sourcecode.swift; path = Coordinator.swift; sourceTree = "<group>"; };
		3095F10528F04EA60027C2E3 /* MoviesService.swift */ = {isa = PBXFileReference; lastKnownFileType = sourcecode.swift; path = MoviesService.swift; sourceTree = "<group>"; };
		3095F10728F174BD0027C2E3 /* HomeVC.swift */ = {isa = PBXFileReference; lastKnownFileType = sourcecode.swift; path = HomeVC.swift; sourceTree = "<group>"; };
		3095F10928F1EDC80027C2E3 /* MovieDetailVC.swift */ = {isa = PBXFileReference; lastKnownFileType = sourcecode.swift; path = MovieDetailVC.swift; sourceTree = "<group>"; };
		3095F10C28F1EE1E0027C2E3 /* MovieDetailVM.swift */ = {isa = PBXFileReference; lastKnownFileType = sourcecode.swift; path = MovieDetailVM.swift; sourceTree = "<group>"; };
		3095F10F28F202B10027C2E3 /* UserProfileVC.swift */ = {isa = PBXFileReference; lastKnownFileType = sourcecode.swift; path = UserProfileVC.swift; sourceTree = "<group>"; };
		3095F11128F203B60027C2E3 /* UserProfileVM.swift */ = {isa = PBXFileReference; lastKnownFileType = sourcecode.swift; path = UserProfileVM.swift; sourceTree = "<group>"; };
		4F9531B5C01A43E0591B8C43 /* Pods-TheMovieTest.release.xcconfig */ = {isa = PBXFileReference; includeInIndex = 1; lastKnownFileType = text.xcconfig; name = "Pods-TheMovieTest.release.xcconfig"; path = "Target Support Files/Pods-TheMovieTest/Pods-TheMovieTest.release.xcconfig"; sourceTree = "<group>"; };
		5E5D3F322941D23400019A87 /* CoreComponents */ = {isa = PBXFileReference; lastKnownFileType = wrapper; name = CoreComponents; path = "../client-apps-apple/CoreComponents"; sourceTree = "<group>"; };
		5E5D3F352941D7C300019A87 /* Constants.swift */ = {isa = PBXFileReference; lastKnownFileType = sourcecode.swift; path = Constants.swift; sourceTree = "<group>"; };
		E6BFFC119427DCA91C9F33AD /* Pods-TheMovieTest.debug.xcconfig */ = {isa = PBXFileReference; includeInIndex = 1; lastKnownFileType = text.xcconfig; name = "Pods-TheMovieTest.debug.xcconfig"; path = "Target Support Files/Pods-TheMovieTest/Pods-TheMovieTest.debug.xcconfig"; sourceTree = "<group>"; };
		F68D1426F00B767C2596B5FE /* Pods_TheMovieTest.framework */ = {isa = PBXFileReference; explicitFileType = wrapper.framework; includeInIndex = 0; path = Pods_TheMovieTest.framework; sourceTree = BUILT_PRODUCTS_DIR; };
/* End PBXFileReference section */

/* Begin PBXFrameworksBuildPhase section */
		3095F0D528EFFB4F0027C2E3 /* Frameworks */ = {
			isa = PBXFrameworksBuildPhase;
			buildActionMask = 2147483647;
			files = (
				E5261540121EC86A56AD5423 /* Pods_TheMovieTest.framework in Frameworks */,
				5E5D3F342941D26800019A87 /* CoreComponents in Frameworks */,
			);
			runOnlyForDeploymentPostprocessing = 0;
		};
/* End PBXFrameworksBuildPhase section */

/* Begin PBXGroup section */
		1A4F29B0D48AC1575BC9C877 /* Pods */ = {
			isa = PBXGroup;
			children = (
				E6BFFC119427DCA91C9F33AD /* Pods-TheMovieTest.debug.xcconfig */,
				4F9531B5C01A43E0591B8C43 /* Pods-TheMovieTest.release.xcconfig */,
			);
			path = Pods;
			sourceTree = "<group>";
		};
		26FC7A035AB29899D28E1543 /* Frameworks */ = {
			isa = PBXGroup;
			children = (
				F68D1426F00B767C2596B5FE /* Pods_TheMovieTest.framework */,
			);
			name = Frameworks;
			sourceTree = "<group>";
		};
		3044C3942939FF8800C69BFD /* SwiftUIViews */ = {
			isa = PBXGroup;
			children = (
				3044C3952939FF9700C69BFD /* ActivityIndicator.swift */,
				3044C3972939FFE900C69BFD /* BackgroundImage.swift */,
				3044C399293A001700C69BFD /* ErrorInfo.swift */,
			);
			path = SwiftUIViews;
			sourceTree = "<group>";
		};
		306F1EB628F3F7C200B9A7B3 /* Extensions */ = {
			isa = PBXGroup;
			children = (
				306F1EB728F3F7D000B9A7B3 /* UIFont.swift */,
				306F1EB928F3FAA600B9A7B3 /* UIImageView.swift */,
				306F1EBB28F41D9400B9A7B3 /* Date.swift */,
				306F1EBD28F41F5600B9A7B3 /* UICollectionViewCell.swift */,
				306F1ECC28F426EB00B9A7B3 /* UICollectionView.swift */,
				306F1ED128F4278C00B9A7B3 /* Collection.swift */,
			);
			path = Extensions;
			sourceTree = "<group>";
		};
		306F1EC128F421B900B9A7B3 /* Models */ = {
			isa = PBXGroup;
			children = (
				306F1EC228F421C100B9A7B3 /* Session.swift */,
				306F1EC428F421DD00B9A7B3 /* UserData.swift */,
				306F1EC728F4223000B9A7B3 /* SessionData.swift */,
				306F1EC928F4224200B9A7B3 /* LoginData.swift */,
				306F1ED828F4303800B9A7B3 /* ErrorData.swift */,
				306F1EDA28F4305000B9A7B3 /* Movies.swift */,
				306F1EDC28F4306400B9A7B3 /* Movie.swift */,
				306F1EDE28F4307D00B9A7B3 /* Company.swift */,
			);
			path = Models;
			sourceTree = "<group>";
		};
		306F1ECB28F4227000B9A7B3 /* Enums */ = {
			isa = PBXGroup;
			children = (
			);
			path = Enums;
			sourceTree = "<group>";
		};
		306F1ED028F4274D00B9A7B3 /* Protocols */ = {
			isa = PBXGroup;
			children = (
				306F1EBF28F4212700B9A7B3 /* BaseProtocol.swift */,
				306F1ECE28F4271900B9A7B3 /* DequeableCell.swift */,
			);
			path = Protocols;
			sourceTree = "<group>";
		};
		306F1ED328F4282300B9A7B3 /* Home */ = {
			isa = PBXGroup;
			children = (
				3095F10728F174BD0027C2E3 /* HomeVC.swift */,
				3095F0FD28F03EDE0027C2E3 /* DynamicScreenVC.swift */,
				3095F0FF28F03F370027C2E3 /* DyamicScreenVM.swift */,
				3095F10128F0473A0027C2E3 /* MovieCollectionViewCell.swift */,
				3044C3922939D60800C69BFD /* HomeVCSUI.swift */,
			);
			path = Home;
			sourceTree = "<group>";
		};
		306F1ED428F4293000B9A7B3 /* Services */ = {
			isa = PBXGroup;
			children = (
				3095F0F928F021E20027C2E3 /* LoginService.swift */,
				3095F10528F04EA60027C2E3 /* MoviesService.swift */,
			);
			path = Services;
			sourceTree = "<group>";
		};
		306F1ED528F4301600B9A7B3 /* Enums */ = {
			isa = PBXGroup;
			children = (
				5E5D3F352941D7C300019A87 /* Constants.swift */,
			);
			path = Enums;
			sourceTree = "<group>";
		};
		3095F0CF28EFFB4F0027C2E3 = {
			isa = PBXGroup;
			children = (
				5E5D3F322941D23400019A87 /* CoreComponents */,
				3095F0DA28EFFB4F0027C2E3 /* TheMovieTest */,
				3095F0D928EFFB4F0027C2E3 /* Products */,
				1A4F29B0D48AC1575BC9C877 /* Pods */,
				26FC7A035AB29899D28E1543 /* Frameworks */,
			);
			sourceTree = "<group>";
		};
		3095F0D928EFFB4F0027C2E3 /* Products */ = {
			isa = PBXGroup;
			children = (
				3095F0D828EFFB4F0027C2E3 /* TheMovieTest.app */,
			);
			name = Products;
			sourceTree = "<group>";
		};
		3095F0DA28EFFB4F0027C2E3 /* TheMovieTest */ = {
			isa = PBXGroup;
			children = (
				3044C3942939FF8800C69BFD /* SwiftUIViews */,
				306F1ED528F4301600B9A7B3 /* Enums */,
				3095F0DB28EFFB4F0027C2E3 /* AppDelegate.swift */,
				3095F0DD28EFFB4F0027C2E3 /* SceneDelegate.swift */,
				3095F10328F04C7B0027C2E3 /* Coordinator.swift */,
				306F1ED428F4293000B9A7B3 /* Services */,
				306F1EB628F3F7C200B9A7B3 /* Extensions */,
				306F1EC128F421B900B9A7B3 /* Models */,
				306F1ECB28F4227000B9A7B3 /* Enums */,
				306F1ED028F4274D00B9A7B3 /* Protocols */,
				306F1ED328F4282300B9A7B3 /* Home */,
				3095F10E28F202960027C2E3 /* UserProfile */,
				3095F10B28F1EDDF0027C2E3 /* Detail */,
				3095F0FB28F03D3B0027C2E3 /* Login */,
				3095F0E128EFFB4F0027C2E3 /* Main.storyboard */,
				3095F0E428EFFB500027C2E3 /* Assets.xcassets */,
				3095F0E628EFFB500027C2E3 /* LaunchScreen.storyboard */,
				3095F0E928EFFB500027C2E3 /* Info.plist */,
			);
			path = TheMovieTest;
			sourceTree = "<group>";
		};
		3095F0FB28F03D3B0027C2E3 /* Login */ = {
			isa = PBXGroup;
			children = (
				3095F0F128F00BEE0027C2E3 /* LoginVM.swift */,
				3095F0EF28EFFE6E0027C2E3 /* LoginVC.swift */,
				300CB730292F47AA00ECBAFF /* LoginVCSUI.swift */,
			);
			path = Login;
			sourceTree = "<group>";
		};
		3095F10B28F1EDDF0027C2E3 /* Detail */ = {
			isa = PBXGroup;
			children = (
				3095F10928F1EDC80027C2E3 /* MovieDetailVC.swift */,
				3095F10C28F1EE1E0027C2E3 /* MovieDetailVM.swift */,
				306F1EB428F3EF9300B9A7B3 /* CompanyCollectionViewCell.swift */,
			);
			path = Detail;
			sourceTree = "<group>";
		};
		3095F10E28F202960027C2E3 /* UserProfile */ = {
			isa = PBXGroup;
			children = (
				3095F10F28F202B10027C2E3 /* UserProfileVC.swift */,
				3095F11128F203B60027C2E3 /* UserProfileVM.swift */,
				300CB7322931FEF400ECBAFF /* UserProfileVCSUI.swift */,
			);
			path = UserProfile;
			sourceTree = "<group>";
		};
/* End PBXGroup section */

/* Begin PBXNativeTarget section */
		3095F0D728EFFB4F0027C2E3 /* TheMovieTest */ = {
			isa = PBXNativeTarget;
			buildConfigurationList = 3095F0EC28EFFB500027C2E3 /* Build configuration list for PBXNativeTarget "TheMovieTest" */;
			buildPhases = (
				203F14F369EB24F8DF209322 /* [CP] Check Pods Manifest.lock */,
				3095F0D428EFFB4F0027C2E3 /* Sources */,
				3095F0D528EFFB4F0027C2E3 /* Frameworks */,
				3095F0D628EFFB4F0027C2E3 /* Resources */,
				8EF8063D5B09C4A0D6FEB9A1 /* [CP] Embed Pods Frameworks */,
			);
			buildRules = (
			);
			dependencies = (
			);
			name = TheMovieTest;
			packageProductDependencies = (
				5E5D3F332941D26800019A87 /* CoreComponents */,
			);
			productName = TheMovieTest;
			productReference = 3095F0D828EFFB4F0027C2E3 /* TheMovieTest.app */;
			productType = "com.apple.product-type.application";
		};
/* End PBXNativeTarget section */

/* Begin PBXProject section */
		3095F0D028EFFB4F0027C2E3 /* Project object */ = {
			isa = PBXProject;
			attributes = {
				BuildIndependentTargetsInParallel = 1;
				LastSwiftUpdateCheck = 1400;
				LastUpgradeCheck = 1400;
				TargetAttributes = {
					3095F0D728EFFB4F0027C2E3 = {
						CreatedOnToolsVersion = 14.0.1;
					};
				};
			};
			buildConfigurationList = 3095F0D328EFFB4F0027C2E3 /* Build configuration list for PBXProject "TheMovieTest" */;
			compatibilityVersion = "Xcode 14.0";
			developmentRegion = en;
			hasScannedForEncodings = 0;
			knownRegions = (
				en,
				Base,
			);
			mainGroup = 3095F0CF28EFFB4F0027C2E3;
			productRefGroup = 3095F0D928EFFB4F0027C2E3 /* Products */;
			projectDirPath = "";
			projectRoot = "";
			targets = (
				3095F0D728EFFB4F0027C2E3 /* TheMovieTest */,
			);
		};
/* End PBXProject section */

/* Begin PBXResourcesBuildPhase section */
		3095F0D628EFFB4F0027C2E3 /* Resources */ = {
			isa = PBXResourcesBuildPhase;
			buildActionMask = 2147483647;
			files = (
				3095F0E828EFFB500027C2E3 /* LaunchScreen.storyboard in Resources */,
				3095F0E528EFFB500027C2E3 /* Assets.xcassets in Resources */,
				3095F0E328EFFB4F0027C2E3 /* Main.storyboard in Resources */,
			);
			runOnlyForDeploymentPostprocessing = 0;
		};
/* End PBXResourcesBuildPhase section */

/* Begin PBXShellScriptBuildPhase section */
		203F14F369EB24F8DF209322 /* [CP] Check Pods Manifest.lock */ = {
			isa = PBXShellScriptBuildPhase;
			buildActionMask = 2147483647;
			files = (
			);
			inputFileListPaths = (
			);
			inputPaths = (
				"${PODS_PODFILE_DIR_PATH}/Podfile.lock",
				"${PODS_ROOT}/Manifest.lock",
			);
			name = "[CP] Check Pods Manifest.lock";
			outputFileListPaths = (
			);
			outputPaths = (
				"$(DERIVED_FILE_DIR)/Pods-TheMovieTest-checkManifestLockResult.txt",
			);
			runOnlyForDeploymentPostprocessing = 0;
			shellPath = /bin/sh;
			shellScript = "diff \"${PODS_PODFILE_DIR_PATH}/Podfile.lock\" \"${PODS_ROOT}/Manifest.lock\" > /dev/null\nif [ $? != 0 ] ; then\n    # print error to STDERR\n    echo \"error: The sandbox is not in sync with the Podfile.lock. Run 'pod install' or update your CocoaPods installation.\" >&2\n    exit 1\nfi\n# This output is used by Xcode 'outputs' to avoid re-running this script phase.\necho \"SUCCESS\" > \"${SCRIPT_OUTPUT_FILE_0}\"\n";
			showEnvVarsInLog = 0;
		};
		8EF8063D5B09C4A0D6FEB9A1 /* [CP] Embed Pods Frameworks */ = {
			isa = PBXShellScriptBuildPhase;
			buildActionMask = 2147483647;
			files = (
			);
			inputFileListPaths = (
				"${PODS_ROOT}/Target Support Files/Pods-TheMovieTest/Pods-TheMovieTest-frameworks-${CONFIGURATION}-input-files.xcfilelist",
			);
			name = "[CP] Embed Pods Frameworks";
			outputFileListPaths = (
				"${PODS_ROOT}/Target Support Files/Pods-TheMovieTest/Pods-TheMovieTest-frameworks-${CONFIGURATION}-output-files.xcfilelist",
			);
			runOnlyForDeploymentPostprocessing = 0;
			shellPath = /bin/sh;
			shellScript = "\"${PODS_ROOT}/Target Support Files/Pods-TheMovieTest/Pods-TheMovieTest-frameworks.sh\"\n";
			showEnvVarsInLog = 0;
		};
/* End PBXShellScriptBuildPhase section */

/* Begin PBXSourcesBuildPhase section */
		3095F0D428EFFB4F0027C2E3 /* Sources */ = {
			isa = PBXSourcesBuildPhase;
			buildActionMask = 2147483647;
			files = (
				306F1EC528F421DD00B9A7B3 /* UserData.swift in Sources */,
				3095F0FE28F03EDE0027C2E3 /* DynamicScreenVC.swift in Sources */,
				3095F11228F203B60027C2E3 /* UserProfileVM.swift in Sources */,
				3095F10A28F1EDC80027C2E3 /* MovieDetailVC.swift in Sources */,
				3095F10428F04C7B0027C2E3 /* Coordinator.swift in Sources */,
				3095F0DC28EFFB4F0027C2E3 /* AppDelegate.swift in Sources */,
				3095F10D28F1EE1E0027C2E3 /* MovieDetailVM.swift in Sources */,
				3095F10628F04EA60027C2E3 /* MoviesService.swift in Sources */,
				3044C3982939FFEA00C69BFD /* BackgroundImage.swift in Sources */,
				306F1EBE28F41F5600B9A7B3 /* UICollectionViewCell.swift in Sources */,
				306F1ED228F4278C00B9A7B3 /* Collection.swift in Sources */,
				306F1ECA28F4224200B9A7B3 /* LoginData.swift in Sources */,
				300CB7332931FEF400ECBAFF /* UserProfileVCSUI.swift in Sources */,
				306F1EDF28F4307E00B9A7B3 /* Company.swift in Sources */,
				3095F10228F0473A0027C2E3 /* MovieCollectionViewCell.swift in Sources */,
				3044C3932939D60800C69BFD /* HomeVCSUI.swift in Sources */,
				3044C39A293A001700C69BFD /* ErrorInfo.swift in Sources */,
				306F1ED928F4303800B9A7B3 /* ErrorData.swift in Sources */,
				306F1EB828F3F7D000B9A7B3 /* UIFont.swift in Sources */,
				306F1EDD28F4306400B9A7B3 /* Movie.swift in Sources */,
				5E5D3F362941D7C300019A87 /* Constants.swift in Sources */,
				306F1EC328F421C100B9A7B3 /* Session.swift in Sources */,
				3095F10828F174BD0027C2E3 /* HomeVC.swift in Sources */,
				306F1ECD28F426EB00B9A7B3 /* UICollectionView.swift in Sources */,
				3095F10028F03F370027C2E3 /* DyamicScreenVM.swift in Sources */,
				306F1EB528F3EF9300B9A7B3 /* CompanyCollectionViewCell.swift in Sources */,
				3095F0F028EFFE6E0027C2E3 /* LoginVC.swift in Sources */,
				3095F0FA28F021E20027C2E3 /* LoginService.swift in Sources */,
				3095F0DE28EFFB4F0027C2E3 /* SceneDelegate.swift in Sources */,
				300CB731292F47AA00ECBAFF /* LoginVCSUI.swift in Sources */,
				306F1EC828F4223000B9A7B3 /* SessionData.swift in Sources */,
				306F1EBA28F3FAA600B9A7B3 /* UIImageView.swift in Sources */,
				306F1EDB28F4305000B9A7B3 /* Movies.swift in Sources */,
				306F1EC028F4212700B9A7B3 /* BaseProtocol.swift in Sources */,
				3095F0F228F00BEE0027C2E3 /* LoginVM.swift in Sources */,
				3044C3962939FF9700C69BFD /* ActivityIndicator.swift in Sources */,
				306F1EBC28F41D9400B9A7B3 /* Date.swift in Sources */,
				3095F11028F202B10027C2E3 /* UserProfileVC.swift in Sources */,
				306F1ECF28F4271900B9A7B3 /* DequeableCell.swift in Sources */,
			);
			runOnlyForDeploymentPostprocessing = 0;
		};
/* End PBXSourcesBuildPhase section */

/* Begin PBXVariantGroup section */
		3095F0E128EFFB4F0027C2E3 /* Main.storyboard */ = {
			isa = PBXVariantGroup;
			children = (
				3095F0E228EFFB4F0027C2E3 /* Base */,
			);
			name = Main.storyboard;
			sourceTree = "<group>";
		};
		3095F0E628EFFB500027C2E3 /* LaunchScreen.storyboard */ = {
			isa = PBXVariantGroup;
			children = (
				3095F0E728EFFB500027C2E3 /* Base */,
			);
			name = LaunchScreen.storyboard;
			sourceTree = "<group>";
		};
/* End PBXVariantGroup section */

/* Begin XCBuildConfiguration section */
		3095F0EA28EFFB500027C2E3 /* Debug */ = {
			isa = XCBuildConfiguration;
			buildSettings = {
				ALWAYS_SEARCH_USER_PATHS = NO;
				CLANG_ANALYZER_NONNULL = YES;
				CLANG_ANALYZER_NUMBER_OBJECT_CONVERSION = YES_AGGRESSIVE;
				CLANG_CXX_LANGUAGE_STANDARD = "gnu++20";
				CLANG_ENABLE_MODULES = YES;
				CLANG_ENABLE_OBJC_ARC = YES;
				CLANG_ENABLE_OBJC_WEAK = YES;
				CLANG_WARN_BLOCK_CAPTURE_AUTORELEASING = YES;
				CLANG_WARN_BOOL_CONVERSION = YES;
				CLANG_WARN_COMMA = YES;
				CLANG_WARN_CONSTANT_CONVERSION = YES;
				CLANG_WARN_DEPRECATED_OBJC_IMPLEMENTATIONS = YES;
				CLANG_WARN_DIRECT_OBJC_ISA_USAGE = YES_ERROR;
				CLANG_WARN_DOCUMENTATION_COMMENTS = YES;
				CLANG_WARN_EMPTY_BODY = YES;
				CLANG_WARN_ENUM_CONVERSION = YES;
				CLANG_WARN_INFINITE_RECURSION = YES;
				CLANG_WARN_INT_CONVERSION = YES;
				CLANG_WARN_NON_LITERAL_NULL_CONVERSION = YES;
				CLANG_WARN_OBJC_IMPLICIT_RETAIN_SELF = YES;
				CLANG_WARN_OBJC_LITERAL_CONVERSION = YES;
				CLANG_WARN_OBJC_ROOT_CLASS = YES_ERROR;
				CLANG_WARN_QUOTED_INCLUDE_IN_FRAMEWORK_HEADER = YES;
				CLANG_WARN_RANGE_LOOP_ANALYSIS = YES;
				CLANG_WARN_STRICT_PROTOTYPES = YES;
				CLANG_WARN_SUSPICIOUS_MOVE = YES;
				CLANG_WARN_UNGUARDED_AVAILABILITY = YES_AGGRESSIVE;
				CLANG_WARN_UNREACHABLE_CODE = YES;
				CLANG_WARN__DUPLICATE_METHOD_MATCH = YES;
				COPY_PHASE_STRIP = NO;
				DEBUG_INFORMATION_FORMAT = dwarf;
				ENABLE_STRICT_OBJC_MSGSEND = YES;
				ENABLE_TESTABILITY = YES;
				GCC_C_LANGUAGE_STANDARD = gnu11;
				GCC_DYNAMIC_NO_PIC = NO;
				GCC_NO_COMMON_BLOCKS = YES;
				GCC_OPTIMIZATION_LEVEL = 0;
				GCC_PREPROCESSOR_DEFINITIONS = (
					"DEBUG=1",
					"$(inherited)",
				);
				GCC_WARN_64_TO_32_BIT_CONVERSION = YES;
				GCC_WARN_ABOUT_RETURN_TYPE = YES_ERROR;
				GCC_WARN_UNDECLARED_SELECTOR = YES;
				GCC_WARN_UNINITIALIZED_AUTOS = YES_AGGRESSIVE;
				GCC_WARN_UNUSED_FUNCTION = YES;
				GCC_WARN_UNUSED_VARIABLE = YES;
				IPHONEOS_DEPLOYMENT_TARGET = 16.0;
				MTL_ENABLE_DEBUG_INFO = INCLUDE_SOURCE;
				MTL_FAST_MATH = YES;
				ONLY_ACTIVE_ARCH = YES;
				SDKROOT = iphoneos;
				SWIFT_ACTIVE_COMPILATION_CONDITIONS = DEBUG;
				SWIFT_OPTIMIZATION_LEVEL = "-Onone";
			};
			name = Debug;
		};
		3095F0EB28EFFB500027C2E3 /* Release */ = {
			isa = XCBuildConfiguration;
			buildSettings = {
				ALWAYS_SEARCH_USER_PATHS = NO;
				CLANG_ANALYZER_NONNULL = YES;
				CLANG_ANALYZER_NUMBER_OBJECT_CONVERSION = YES_AGGRESSIVE;
				CLANG_CXX_LANGUAGE_STANDARD = "gnu++20";
				CLANG_ENABLE_MODULES = YES;
				CLANG_ENABLE_OBJC_ARC = YES;
				CLANG_ENABLE_OBJC_WEAK = YES;
				CLANG_WARN_BLOCK_CAPTURE_AUTORELEASING = YES;
				CLANG_WARN_BOOL_CONVERSION = YES;
				CLANG_WARN_COMMA = YES;
				CLANG_WARN_CONSTANT_CONVERSION = YES;
				CLANG_WARN_DEPRECATED_OBJC_IMPLEMENTATIONS = YES;
				CLANG_WARN_DIRECT_OBJC_ISA_USAGE = YES_ERROR;
				CLANG_WARN_DOCUMENTATION_COMMENTS = YES;
				CLANG_WARN_EMPTY_BODY = YES;
				CLANG_WARN_ENUM_CONVERSION = YES;
				CLANG_WARN_INFINITE_RECURSION = YES;
				CLANG_WARN_INT_CONVERSION = YES;
				CLANG_WARN_NON_LITERAL_NULL_CONVERSION = YES;
				CLANG_WARN_OBJC_IMPLICIT_RETAIN_SELF = YES;
				CLANG_WARN_OBJC_LITERAL_CONVERSION = YES;
				CLANG_WARN_OBJC_ROOT_CLASS = YES_ERROR;
				CLANG_WARN_QUOTED_INCLUDE_IN_FRAMEWORK_HEADER = YES;
				CLANG_WARN_RANGE_LOOP_ANALYSIS = YES;
				CLANG_WARN_STRICT_PROTOTYPES = YES;
				CLANG_WARN_SUSPICIOUS_MOVE = YES;
				CLANG_WARN_UNGUARDED_AVAILABILITY = YES_AGGRESSIVE;
				CLANG_WARN_UNREACHABLE_CODE = YES;
				CLANG_WARN__DUPLICATE_METHOD_MATCH = YES;
				COPY_PHASE_STRIP = NO;
				DEBUG_INFORMATION_FORMAT = "dwarf-with-dsym";
				ENABLE_NS_ASSERTIONS = NO;
				ENABLE_STRICT_OBJC_MSGSEND = YES;
				GCC_C_LANGUAGE_STANDARD = gnu11;
				GCC_NO_COMMON_BLOCKS = YES;
				GCC_WARN_64_TO_32_BIT_CONVERSION = YES;
				GCC_WARN_ABOUT_RETURN_TYPE = YES_ERROR;
				GCC_WARN_UNDECLARED_SELECTOR = YES;
				GCC_WARN_UNINITIALIZED_AUTOS = YES_AGGRESSIVE;
				GCC_WARN_UNUSED_FUNCTION = YES;
				GCC_WARN_UNUSED_VARIABLE = YES;
				IPHONEOS_DEPLOYMENT_TARGET = 16.0;
				MTL_ENABLE_DEBUG_INFO = NO;
				MTL_FAST_MATH = YES;
				SDKROOT = iphoneos;
				SWIFT_COMPILATION_MODE = wholemodule;
				SWIFT_OPTIMIZATION_LEVEL = "-O";
				VALIDATE_PRODUCT = YES;
			};
			name = Release;
		};
		3095F0ED28EFFB500027C2E3 /* Debug */ = {
			isa = XCBuildConfiguration;
			baseConfigurationReference = E6BFFC119427DCA91C9F33AD /* Pods-TheMovieTest.debug.xcconfig */;
			buildSettings = {
				ASSETCATALOG_COMPILER_APPICON_NAME = AppIcon;
				ASSETCATALOG_COMPILER_GLOBAL_ACCENT_COLOR_NAME = AccentColor;
				CODE_SIGN_STYLE = Automatic;
				CURRENT_PROJECT_VERSION = 1;
				DEVELOPMENT_TEAM = 4A7QK6XB9U;
				GENERATE_INFOPLIST_FILE = YES;
				INFOPLIST_FILE = TheMovieTest/Info.plist;
				INFOPLIST_KEY_UIApplicationSupportsIndirectInputEvents = YES;
				INFOPLIST_KEY_UILaunchStoryboardName = LaunchScreen;
				INFOPLIST_KEY_UIMainStoryboardFile = Main;
				INFOPLIST_KEY_UISupportedInterfaceOrientations_iPad = "UIInterfaceOrientationPortrait UIInterfaceOrientationPortraitUpsideDown UIInterfaceOrientationLandscapeLeft UIInterfaceOrientationLandscapeRight";
				INFOPLIST_KEY_UISupportedInterfaceOrientations_iPhone = "UIInterfaceOrientationPortrait UIInterfaceOrientationLandscapeLeft UIInterfaceOrientationLandscapeRight";
				IPHONEOS_DEPLOYMENT_TARGET = 13.0;
				LD_RUNPATH_SEARCH_PATHS = (
					"$(inherited)",
					"@executable_path/Frameworks",
				);
				MARKETING_VERSION = 1.0;
				PRODUCT_BUNDLE_IDENTIFIER = com.jcpd.TheMovieTest;
				PRODUCT_NAME = "$(TARGET_NAME)";
				SWIFT_EMIT_LOC_STRINGS = YES;
				SWIFT_VERSION = 5.0;
				TARGETED_DEVICE_FAMILY = "1,2";
			};
			name = Debug;
		};
		3095F0EE28EFFB500027C2E3 /* Release */ = {
			isa = XCBuildConfiguration;
			baseConfigurationReference = 4F9531B5C01A43E0591B8C43 /* Pods-TheMovieTest.release.xcconfig */;
			buildSettings = {
				ASSETCATALOG_COMPILER_APPICON_NAME = AppIcon;
				ASSETCATALOG_COMPILER_GLOBAL_ACCENT_COLOR_NAME = AccentColor;
				CODE_SIGN_STYLE = Automatic;
				CURRENT_PROJECT_VERSION = 1;
				DEVELOPMENT_TEAM = 4A7QK6XB9U;
				GENERATE_INFOPLIST_FILE = YES;
				INFOPLIST_FILE = TheMovieTest/Info.plist;
				INFOPLIST_KEY_UIApplicationSupportsIndirectInputEvents = YES;
				INFOPLIST_KEY_UILaunchStoryboardName = LaunchScreen;
				INFOPLIST_KEY_UIMainStoryboardFile = Main;
				INFOPLIST_KEY_UISupportedInterfaceOrientations_iPad = "UIInterfaceOrientationPortrait UIInterfaceOrientationPortraitUpsideDown UIInterfaceOrientationLandscapeLeft UIInterfaceOrientationLandscapeRight";
				INFOPLIST_KEY_UISupportedInterfaceOrientations_iPhone = "UIInterfaceOrientationPortrait UIInterfaceOrientationLandscapeLeft UIInterfaceOrientationLandscapeRight";
				IPHONEOS_DEPLOYMENT_TARGET = 13.0;
				LD_RUNPATH_SEARCH_PATHS = (
					"$(inherited)",
					"@executable_path/Frameworks",
				);
				MARKETING_VERSION = 1.0;
				PRODUCT_BUNDLE_IDENTIFIER = com.jcpd.TheMovieTest;
				PRODUCT_NAME = "$(TARGET_NAME)";
				SWIFT_EMIT_LOC_STRINGS = YES;
				SWIFT_VERSION = 5.0;
				TARGETED_DEVICE_FAMILY = "1,2";
			};
			name = Release;
		};
/* End XCBuildConfiguration section */

/* Begin XCConfigurationList section */
		3095F0D328EFFB4F0027C2E3 /* Build configuration list for PBXProject "TheMovieTest" */ = {
			isa = XCConfigurationList;
			buildConfigurations = (
				3095F0EA28EFFB500027C2E3 /* Debug */,
				3095F0EB28EFFB500027C2E3 /* Release */,
			);
			defaultConfigurationIsVisible = 0;
			defaultConfigurationName = Release;
		};
		3095F0EC28EFFB500027C2E3 /* Build configuration list for PBXNativeTarget "TheMovieTest" */ = {
			isa = XCConfigurationList;
			buildConfigurations = (
				3095F0ED28EFFB500027C2E3 /* Debug */,
				3095F0EE28EFFB500027C2E3 /* Release */,
			);
			defaultConfigurationIsVisible = 0;
			defaultConfigurationName = Release;
		};
/* End XCConfigurationList section */

/* Begin XCSwiftPackageProductDependency section */
		5E5D3F332941D26800019A87 /* CoreComponents */ = {
			isa = XCSwiftPackageProductDependency;
			productName = CoreComponents;
		};
/* End XCSwiftPackageProductDependency section */
	};
	rootObject = 3095F0D028EFFB4F0027C2E3 /* Project object */;
}
